
Microsoft Visual Studio Solution File, Format Version 12.00
# Visual Studio 2013
VisualStudioVersion = 12.0.31101.0
MinimumVisualStudioVersion = 10.0.40219.1
Project("{FAE04EC0-301F-11D3-BF4B-00C04F79EFBC}") = "PokerGame", "PokerGame\PokerGame.csproj", "{63AE7967-C487-42F6-B59B-89E44AAEADE1}"
EndProject
Project("{FAE04EC0-301F-11D3-BF4B-00C04F79EFBC}") = "PokerGame.Tests", "..\..\..\..\..\Users\rcaba002\Documents\Visual Studio 2013\Projects\PokerGame\PokerGame.Tests\PokerGame.Tests.csproj", "{AE4D6C33-1338-4875-912D-20754FE325D6}"
EndProject
Global
	GlobalSection(SolutionConfigurationPlatforms) = preSolution
		Debug|Any CPU = Debug|Any CPU
		Release|Any CPU = Release|Any CPU
	EndGlobalSection
	GlobalSection(ProjectConfigurationPlatforms) = postSolution
		{63AE7967-C487-42F6-B59B-89E44AAEADE1}.Debug|Any CPU.ActiveCfg = Debug|Any CPU
		{63AE7967-C487-42F6-B59B-89E44AAEADE1}.Debug|Any CPU.Build.0 = Debug|Any CPU
		{63AE7967-C487-42F6-B59B-89E44AAEADE1}.Release|Any CPU.ActiveCfg = Release|Any CPU
		{63AE7967-C487-42F6-B59B-89E44AAEADE1}.Release|Any CPU.Build.0 = Release|Any CPU
		{AE4D6C33-1338-4875-912D-20754FE325D6}.Debug|Any CPU.ActiveCfg = Debug|Any CPU
		{AE4D6C33-1338-4875-912D-20754FE325D6}.Debug|Any CPU.Build.0 = Debug|Any CPU
		{AE4D6C33-1338-4875-912D-20754FE325D6}.Release|Any CPU.ActiveCfg = Release|Any CPU
		{AE4D6C33-1338-4875-912D-20754FE325D6}.Release|Any CPU.Build.0 = Release|Any CPU
	EndGlobalSection
	GlobalSection(SolutionProperties) = preSolution
		HideSolutionNode = FALSE
	EndGlobalSection
EndGlobal
